
Microsoft Visual Studio Solution File, Format Version 12.00
# Visual Studio Version 16
VisualStudioVersion = 16.0.30114.105
MinimumVisualStudioVersion = 10.0.40219.1
Project("{2150E333-8FDC-42A3-9474-1A3956D46DE8}") = "src", "src", "{A8F336DA-DB69-4195-B4FF-AEA4CB648047}"
EndProject
Project("{2150E333-8FDC-42A3-9474-1A3956D46DE8}") = "front", "front", "{C69E32C3-B6A5-49DB-98BB-77CA79715F24}"
EndProject
Project("{FAE04EC0-301F-11D3-BF4B-00C04F79EFBC}") = "web", "src\front\web\web.csproj", "{BF7C7FDE-70B9-49FC-B97F-34E4BA1C2361}"
EndProject
Project("{2150E333-8FDC-42A3-9474-1A3956D46DE8}") = "back", "back", "{099D5CB1-F04E-45CC-BEFA-CAE83E269261}"
EndProject
Project("{FAE04EC0-301F-11D3-BF4B-00C04F79EFBC}") = "Things.Common", "src\back\Things.Common\Things.Common.csproj", "{919F6098-5A71-4E26-B872-4452E4735677}"
EndProject
Project("{FAE04EC0-301F-11D3-BF4B-00C04F79EFBC}") = "Things.Api", "src\back\Things.Api\Things.Api.csproj", "{D8350391-BD19-4CE3-8493-4C8BB0465EEF}"
EndProject
Global
	GlobalSection(SolutionConfigurationPlatforms) = preSolution
		Debug|Any CPU = Debug|Any CPU
		Debug|x64 = Debug|x64
		Debug|x86 = Debug|x86
		Release|Any CPU = Release|Any CPU
		Release|x64 = Release|x64
		Release|x86 = Release|x86
	EndGlobalSection
	GlobalSection(SolutionProperties) = preSolution
		HideSolutionNode = FALSE
	EndGlobalSection
	GlobalSection(ProjectConfigurationPlatforms) = postSolution
		{BF7C7FDE-70B9-49FC-B97F-34E4BA1C2361}.Debug|Any CPU.ActiveCfg = Debug|Any CPU
		{BF7C7FDE-70B9-49FC-B97F-34E4BA1C2361}.Debug|Any CPU.Build.0 = Debug|Any CPU
		{BF7C7FDE-70B9-49FC-B97F-34E4BA1C2361}.Debug|x64.ActiveCfg = Debug|Any CPU
		{BF7C7FDE-70B9-49FC-B97F-34E4BA1C2361}.Debug|x64.Build.0 = Debug|Any CPU
		{BF7C7FDE-70B9-49FC-B97F-34E4BA1C2361}.Debug|x86.ActiveCfg = Debug|Any CPU
		{BF7C7FDE-70B9-49FC-B97F-34E4BA1C2361}.Debug|x86.Build.0 = Debug|Any CPU
		{BF7C7FDE-70B9-49FC-B97F-34E4BA1C2361}.Release|Any CPU.ActiveCfg = Release|Any CPU
		{BF7C7FDE-70B9-49FC-B97F-34E4BA1C2361}.Release|Any CPU.Build.0 = Release|Any CPU
		{BF7C7FDE-70B9-49FC-B97F-34E4BA1C2361}.Release|x64.ActiveCfg = Release|Any CPU
		{BF7C7FDE-70B9-49FC-B97F-34E4BA1C2361}.Release|x64.Build.0 = Release|Any CPU
		{BF7C7FDE-70B9-49FC-B97F-34E4BA1C2361}.Release|x86.ActiveCfg = Release|Any CPU
		{BF7C7FDE-70B9-49FC-B97F-34E4BA1C2361}.Release|x86.Build.0 = Release|Any CPU
		{919F6098-5A71-4E26-B872-4452E4735677}.Debug|Any CPU.ActiveCfg = Debug|Any CPU
		{919F6098-5A71-4E26-B872-4452E4735677}.Debug|Any CPU.Build.0 = Debug|Any CPU
		{919F6098-5A71-4E26-B872-4452E4735677}.Debug|x64.ActiveCfg = Debug|Any CPU
		{919F6098-5A71-4E26-B872-4452E4735677}.Debug|x64.Build.0 = Debug|Any CPU
		{919F6098-5A71-4E26-B872-4452E4735677}.Debug|x86.ActiveCfg = Debug|Any CPU
		{919F6098-5A71-4E26-B872-4452E4735677}.Debug|x86.Build.0 = Debug|Any CPU
		{919F6098-5A71-4E26-B872-4452E4735677}.Release|Any CPU.ActiveCfg = Release|Any CPU
		{919F6098-5A71-4E26-B872-4452E4735677}.Release|Any CPU.Build.0 = Release|Any CPU
		{919F6098-5A71-4E26-B872-4452E4735677}.Release|x64.ActiveCfg = Release|Any CPU
		{919F6098-5A71-4E26-B872-4452E4735677}.Release|x64.Build.0 = Release|Any CPU
		{919F6098-5A71-4E26-B872-4452E4735677}.Release|x86.ActiveCfg = Release|Any CPU
		{919F6098-5A71-4E26-B872-4452E4735677}.Release|x86.Build.0 = Release|Any CPU
		{D8350391-BD19-4CE3-8493-4C8BB0465EEF}.Debug|Any CPU.ActiveCfg = Debug|Any CPU
		{D8350391-BD19-4CE3-8493-4C8BB0465EEF}.Debug|Any CPU.Build.0 = Debug|Any CPU
		{D8350391-BD19-4CE3-8493-4C8BB0465EEF}.Debug|x64.ActiveCfg = Debug|Any CPU
		{D8350391-BD19-4CE3-8493-4C8BB0465EEF}.Debug|x64.Build.0 = Debug|Any CPU
		{D8350391-BD19-4CE3-8493-4C8BB0465EEF}.Debug|x86.ActiveCfg = Debug|Any CPU
		{D8350391-BD19-4CE3-8493-4C8BB0465EEF}.Debug|x86.Build.0 = Debug|Any CPU
		{D8350391-BD19-4CE3-8493-4C8BB0465EEF}.Release|Any CPU.ActiveCfg = Release|Any CPU
		{D8350391-BD19-4CE3-8493-4C8BB0465EEF}.Release|Any CPU.Build.0 = Release|Any CPU
		{D8350391-BD19-4CE3-8493-4C8BB0465EEF}.Release|x64.ActiveCfg = Release|Any CPU
		{D8350391-BD19-4CE3-8493-4C8BB0465EEF}.Release|x64.Build.0 = Release|Any CPU
		{D8350391-BD19-4CE3-8493-4C8BB0465EEF}.Release|x86.ActiveCfg = Release|Any CPU
		{D8350391-BD19-4CE3-8493-4C8BB0465EEF}.Release|x86.Build.0 = Release|Any CPU
	EndGlobalSection
	GlobalSection(NestedProjects) = preSolution
		{C69E32C3-B6A5-49DB-98BB-77CA79715F24} = {A8F336DA-DB69-4195-B4FF-AEA4CB648047}
		{BF7C7FDE-70B9-49FC-B97F-34E4BA1C2361} = {C69E32C3-B6A5-49DB-98BB-77CA79715F24}
		{099D5CB1-F04E-45CC-BEFA-CAE83E269261} = {A8F336DA-DB69-4195-B4FF-AEA4CB648047}
		{919F6098-5A71-4E26-B872-4452E4735677} = {099D5CB1-F04E-45CC-BEFA-CAE83E269261}
		{D8350391-BD19-4CE3-8493-4C8BB0465EEF} = {099D5CB1-F04E-45CC-BEFA-CAE83E269261}
	EndGlobalSection
EndGlobal
